// !$*UTF8*$!
{
	archiveVersion = 1;
	classes = {
	};
	objectVersion = 46;
	objects = {

/* Begin PBXBuildFile section */
		4F303008176AB3A3007788FA /* SymbolTable.m in Sources */ = {isa = PBXBuildFile; fileRef = 4F303007176AB3A3007788FA /* SymbolTable.m */; };
		4F303010176ABD4A007788FA /* SenTestingKit.framework in Frameworks */ = {isa = PBXBuildFile; fileRef = 4F30300F176ABD4A007788FA /* SenTestingKit.framework */; };
		4F303011176ABD4A007788FA /* Cocoa.framework in Frameworks */ = {isa = PBXBuildFile; fileRef = 4F833F4417627300000BFEA6 /* Cocoa.framework */; };
		4F303017176ABD4B007788FA /* InfoPlist.strings in Resources */ = {isa = PBXBuildFile; fileRef = 4F303015176ABD4B007788FA /* InfoPlist.strings */; };
		4F30301A176ABD4B007788FA /* CMinusXTest.m in Sources */ = {isa = PBXBuildFile; fileRef = 4F303019176ABD4B007788FA /* CMinusXTest.m */; };
		4F303022176ABEC2007788FA /* SymbolTableTest.m in Sources */ = {isa = PBXBuildFile; fileRef = 4F303021176ABEC2007788FA /* SymbolTableTest.m */; };
		4F303028176B738B007788FA /* STProgramNode.m in Sources */ = {isa = PBXBuildFile; fileRef = 4F303027176B738B007788FA /* STProgramNode.m */; };
		4F30302B176B79E6007788FA /* STDeclarationNode.m in Sources */ = {isa = PBXBuildFile; fileRef = 4F30302A176B79E5007788FA /* STDeclarationNode.m */; };
		4F30302E176B824D007788FA /* STStatementNode.m in Sources */ = {isa = PBXBuildFile; fileRef = 4F30302D176B824D007788FA /* STStatementNode.m */; };
		4F776330176C7C1E0002CB3B /* STBaseNode.m in Sources */ = {isa = PBXBuildFile; fileRef = 4F77632F176C7C1E0002CB3B /* STBaseNode.m */; };
		4F776336176CE7720002CB3B /* CMParser.m in Sources */ = {isa = PBXBuildFile; fileRef = 4F776335176CE7720002CB3B /* CMParser.m */; };
		4F776339176CE7F90002CB3B /* CMScanner.m in Sources */ = {isa = PBXBuildFile; fileRef = 4F776338176CE7F90002CB3B /* CMScanner.m */; };
		4F776356176DB2EF0002CB3B /* CMScannerTest.m in Sources */ = {isa = PBXBuildFile; fileRef = 4F776355176DB2EF0002CB3B /* CMScannerTest.m */; };
		4F776358176DB54E0002CB3B /* test.cm in Resources */ = {isa = PBXBuildFile; fileRef = 4F776357176DB54E0002CB3B /* test.cm */; };
		4F77635B176DBBE20002CB3B /* CMToken.m in Sources */ = {isa = PBXBuildFile; fileRef = 4F77635A176DBBE10002CB3B /* CMToken.m */; };
		4F77635D176DBC890002CB3B /* objclexer.rl in Resources */ = {isa = PBXBuildFile; fileRef = 4F77635C176DBC890002CB3B /* objclexer.rl */; };
		4F833F4517627300000BFEA6 /* Cocoa.framework in Frameworks */ = {isa = PBXBuildFile; fileRef = 4F833F4417627300000BFEA6 /* Cocoa.framework */; };
		4F833F4F17627300000BFEA6 /* InfoPlist.strings in Resources */ = {isa = PBXBuildFile; fileRef = 4F833F4D17627300000BFEA6 /* InfoPlist.strings */; };
		4F833F5117627300000BFEA6 /* main.m in Sources */ = {isa = PBXBuildFile; fileRef = 4F833F5017627300000BFEA6 /* main.m */; };
		4F833F5517627300000BFEA6 /* Credits.rtf in Resources */ = {isa = PBXBuildFile; fileRef = 4F833F5317627300000BFEA6 /* Credits.rtf */; };
		4F833F5817627300000BFEA6 /* CMXDocument.m in Sources */ = {isa = PBXBuildFile; fileRef = 4F833F5717627300000BFEA6 /* CMXDocument.m */; };
		4F833F5B17627300000BFEA6 /* CMXDocument.xib in Resources */ = {isa = PBXBuildFile; fileRef = 4F833F5917627300000BFEA6 /* CMXDocument.xib */; };
		4F833F5E17627300000BFEA6 /* MainMenu.xib in Resources */ = {isa = PBXBuildFile; fileRef = 4F833F5C17627300000BFEA6 /* MainMenu.xib */; };
		4F833F6C17627659000BFEA6 /* TinyMachine.m in Sources */ = {isa = PBXBuildFile; fileRef = 4F833F6717627659000BFEA6 /* TinyMachine.m */; };
		4F833F6D17627659000BFEA6 /* TMInst.m in Sources */ = {isa = PBXBuildFile; fileRef = 4F833F6917627659000BFEA6 /* TMInst.m */; };
		4F833F6E17627659000BFEA6 /* TMStepResult.m in Sources */ = {isa = PBXBuildFile; fileRef = 4F833F6B17627659000BFEA6 /* TMStepResult.m */; };
		4FDD1D6D17649FA700B56F4D /* DebugInfoWindowController.m in Sources */ = {isa = PBXBuildFile; fileRef = 4FDD1D6B17649FA700B56F4D /* DebugInfoWindowController.m */; };
		4FDD1D6E17649FA700B56F4D /* DebugInfo.xib in Resources */ = {isa = PBXBuildFile; fileRef = 4FDD1D6C17649FA700B56F4D /* DebugInfo.xib */; };
		B2B8A394C7DC4132954132B1 /* libPods.a in Frameworks */ = {isa = PBXBuildFile; fileRef = 7FF87A7103AA48178E9604FA /* libPods.a */; };
/* End PBXBuildFile section */

/* Begin PBXContainerItemProxy section */
		4F303023176AC1AF007788FA /* PBXContainerItemProxy */ = {
			isa = PBXContainerItemProxy;
			containerPortal = 4F833F3917627300000BFEA6 /* Project object */;
			proxyType = 1;
			remoteGlobalIDString = 4F833F4017627300000BFEA6;
			remoteInfo = CMinusX;
		};
/* End PBXContainerItemProxy section */

/* Begin PBXFileReference section */
		4F303006176AB3A3007788FA /* SymbolTable.h */ = {isa = PBXFileReference; fileEncoding = 4; lastKnownFileType = sourcecode.c.h; name = SymbolTable.h; path = CMinusCompiler/SymbolTable.h; sourceTree = "<group>"; };
		4F303007176AB3A3007788FA /* SymbolTable.m */ = {isa = PBXFileReference; fileEncoding = 4; lastKnownFileType = sourcecode.c.objc; name = SymbolTable.m; path = CMinusCompiler/SymbolTable.m; sourceTree = "<group>"; };
		4F30300E176ABD4A007788FA /* CMinusXTest.octest */ = {isa = PBXFileReference; explicitFileType = wrapper.cfbundle; includeInIndex = 0; path = CMinusXTest.octest; sourceTree = BUILT_PRODUCTS_DIR; };
		4F30300F176ABD4A007788FA /* SenTestingKit.framework */ = {isa = PBXFileReference; lastKnownFileType = wrapper.framework; name = SenTestingKit.framework; path = Library/Frameworks/SenTestingKit.framework; sourceTree = DEVELOPER_DIR; };
		4F303014176ABD4A007788FA /* CMinusXTest-Info.plist */ = {isa = PBXFileReference; lastKnownFileType = text.plist.xml; path = "CMinusXTest-Info.plist"; sourceTree = "<group>"; };
		4F303016176ABD4B007788FA /* en */ = {isa = PBXFileReference; lastKnownFileType = text.plist.strings; name = en; path = en.lproj/InfoPlist.strings; sourceTree = "<group>"; };
		4F303018176ABD4B007788FA /* CMinusXTest.h */ = {isa = PBXFileReference; lastKnownFileType = sourcecode.c.h; path = CMinusXTest.h; sourceTree = "<group>"; };
		4F303019176ABD4B007788FA /* CMinusXTest.m */ = {isa = PBXFileReference; lastKnownFileType = sourcecode.c.objc; path = CMinusXTest.m; sourceTree = "<group>"; };
		4F30301B176ABD4B007788FA /* CMinusXTest-Prefix.pch */ = {isa = PBXFileReference; lastKnownFileType = sourcecode.c.h; path = "CMinusXTest-Prefix.pch"; sourceTree = "<group>"; };
		4F303020176ABEC2007788FA /* SymbolTableTest.h */ = {isa = PBXFileReference; fileEncoding = 4; lastKnownFileType = sourcecode.c.h; path = SymbolTableTest.h; sourceTree = "<group>"; };
		4F303021176ABEC2007788FA /* SymbolTableTest.m */ = {isa = PBXFileReference; fileEncoding = 4; lastKnownFileType = sourcecode.c.objc; path = SymbolTableTest.m; sourceTree = "<group>"; };
		4F303026176B738B007788FA /* STProgramNode.h */ = {isa = PBXFileReference; fileEncoding = 4; lastKnownFileType = sourcecode.c.h; name = STProgramNode.h; path = CMinusCompiler/SyntaxTree/STProgramNode.h; sourceTree = "<group>"; };
		4F303027176B738B007788FA /* STProgramNode.m */ = {isa = PBXFileReference; fileEncoding = 4; lastKnownFileType = sourcecode.c.objc; name = STProgramNode.m; path = CMinusCompiler/SyntaxTree/STProgramNode.m; sourceTree = "<group>"; };
		4F303029176B79E5007788FA /* STDeclarationNode.h */ = {isa = PBXFileReference; fileEncoding = 4; lastKnownFileType = sourcecode.c.h; name = STDeclarationNode.h; path = CMinusCompiler/SyntaxTree/STDeclarationNode.h; sourceTree = "<group>"; };
		4F30302A176B79E5007788FA /* STDeclarationNode.m */ = {isa = PBXFileReference; fileEncoding = 4; lastKnownFileType = sourcecode.c.objc; name = STDeclarationNode.m; path = CMinusCompiler/SyntaxTree/STDeclarationNode.m; sourceTree = "<group>"; };
		4F30302C176B824D007788FA /* STStatementNode.h */ = {isa = PBXFileReference; fileEncoding = 4; lastKnownFileType = sourcecode.c.h; name = STStatementNode.h; path = CMinusCompiler/SyntaxTree/STStatementNode.h; sourceTree = "<group>"; };
		4F30302D176B824D007788FA /* STStatementNode.m */ = {isa = PBXFileReference; fileEncoding = 4; lastKnownFileType = sourcecode.c.objc; name = STStatementNode.m; path = CMinusCompiler/SyntaxTree/STStatementNode.m; sourceTree = "<group>"; };
		4F77632E176C7C1E0002CB3B /* STBaseNode.h */ = {isa = PBXFileReference; fileEncoding = 4; lastKnownFileType = sourcecode.c.h; name = STBaseNode.h; path = CMinusCompiler/SyntaxTree/STBaseNode.h; sourceTree = "<group>"; };
		4F77632F176C7C1E0002CB3B /* STBaseNode.m */ = {isa = PBXFileReference; fileEncoding = 4; lastKnownFileType = sourcecode.c.objc; name = STBaseNode.m; path = CMinusCompiler/SyntaxTree/STBaseNode.m; sourceTree = "<group>"; };
		4F776334176CE7710002CB3B /* CMParser.h */ = {isa = PBXFileReference; fileEncoding = 4; lastKnownFileType = sourcecode.c.h; name = CMParser.h; path = CMinusCompiler/CMParser.h; sourceTree = "<group>"; };
		4F776335176CE7720002CB3B /* CMParser.m */ = {isa = PBXFileReference; fileEncoding = 4; lastKnownFileType = sourcecode.c.objc; name = CMParser.m; path = CMinusCompiler/CMParser.m; sourceTree = "<group>"; };
		4F776337176CE7F90002CB3B /* CMScanner.h */ = {isa = PBXFileReference; fileEncoding = 4; lastKnownFileType = sourcecode.c.h; name = CMScanner.h; path = CMinusCompiler/CMScanner.h; sourceTree = "<group>"; };
		4F776338176CE7F90002CB3B /* CMScanner.m */ = {isa = PBXFileReference; fileEncoding = 4; lastKnownFileType = sourcecode.c.objc; name = CMScanner.m; path = CMinusCompiler/CMScanner.m; sourceTree = "<group>"; };
		4F776354176DB2EF0002CB3B /* CMScannerTest.h */ = {isa = PBXFileReference; fileEncoding = 4; lastKnownFileType = sourcecode.c.h; path = CMScannerTest.h; sourceTree = "<group>"; };
		4F776355176DB2EF0002CB3B /* CMScannerTest.m */ = {isa = PBXFileReference; fileEncoding = 4; lastKnownFileType = sourcecode.c.objc; path = CMScannerTest.m; sourceTree = "<group>"; };
		4F776357176DB54E0002CB3B /* test.cm */ = {isa = PBXFileReference; fileEncoding = 4; lastKnownFileType = text; path = test.cm; sourceTree = "<group>"; xcLanguageSpecificationIdentifier = xcode.lang.c; };
		4F776359176DBBE10002CB3B /* CMToken.h */ = {isa = PBXFileReference; fileEncoding = 4; lastKnownFileType = sourcecode.c.h; name = CMToken.h; path = CMinusCompiler/CMToken.h; sourceTree = "<group>"; };
		4F77635A176DBBE10002CB3B /* CMToken.m */ = {isa = PBXFileReference; fileEncoding = 4; lastKnownFileType = sourcecode.c.objc; name = CMToken.m; path = CMinusCompiler/CMToken.m; sourceTree = "<group>"; };
		4F77635C176DBC890002CB3B /* objclexer.rl */ = {isa = PBXFileReference; fileEncoding = 4; lastKnownFileType = text; name = objclexer.rl; path = CMinusCompiler/objclexer.rl; sourceTree = "<group>"; };
		4F833F4117627300000BFEA6 /* CMinusX.app */ = {isa = PBXFileReference; explicitFileType = wrapper.application; includeInIndex = 0; path = CMinusX.app; sourceTree = BUILT_PRODUCTS_DIR; };
		4F833F4417627300000BFEA6 /* Cocoa.framework */ = {isa = PBXFileReference; lastKnownFileType = wrapper.framework; name = Cocoa.framework; path = System/Library/Frameworks/Cocoa.framework; sourceTree = SDKROOT; };
		4F833F4717627300000BFEA6 /* AppKit.framework */ = {isa = PBXFileReference; lastKnownFileType = wrapper.framework; name = AppKit.framework; path = System/Library/Frameworks/AppKit.framework; sourceTree = SDKROOT; };
		4F833F4817627300000BFEA6 /* CoreData.framework */ = {isa = PBXFileReference; lastKnownFileType = wrapper.framework; name = CoreData.framework; path = System/Library/Frameworks/CoreData.framework; sourceTree = SDKROOT; };
		4F833F4917627300000BFEA6 /* Foundation.framework */ = {isa = PBXFileReference; lastKnownFileType = wrapper.framework; name = Foundation.framework; path = System/Library/Frameworks/Foundation.framework; sourceTree = SDKROOT; };
		4F833F4C17627300000BFEA6 /* CMinusX-Info.plist */ = {isa = PBXFileReference; lastKnownFileType = text.plist.xml; path = "CMinusX-Info.plist"; sourceTree = "<group>"; };
		4F833F4E17627300000BFEA6 /* en */ = {isa = PBXFileReference; lastKnownFileType = text.plist.strings; name = en; path = en.lproj/InfoPlist.strings; sourceTree = "<group>"; };
		4F833F5017627300000BFEA6 /* main.m */ = {isa = PBXFileReference; lastKnownFileType = sourcecode.c.objc; path = main.m; sourceTree = "<group>"; };
		4F833F5217627300000BFEA6 /* CMinusX-Prefix.pch */ = {isa = PBXFileReference; lastKnownFileType = sourcecode.c.h; path = "CMinusX-Prefix.pch"; sourceTree = "<group>"; };
		4F833F5417627300000BFEA6 /* en */ = {isa = PBXFileReference; lastKnownFileType = text.rtf; name = en; path = en.lproj/Credits.rtf; sourceTree = "<group>"; };
		4F833F5617627300000BFEA6 /* CMXDocument.h */ = {isa = PBXFileReference; lastKnownFileType = sourcecode.c.h; path = CMXDocument.h; sourceTree = "<group>"; };
		4F833F5717627300000BFEA6 /* CMXDocument.m */ = {isa = PBXFileReference; lastKnownFileType = sourcecode.c.objc; path = CMXDocument.m; sourceTree = "<group>"; };
		4F833F5A17627300000BFEA6 /* en */ = {isa = PBXFileReference; lastKnownFileType = file.xib; name = en; path = en.lproj/CMXDocument.xib; sourceTree = "<group>"; };
		4F833F5D17627300000BFEA6 /* en */ = {isa = PBXFileReference; lastKnownFileType = file.xib; name = en; path = en.lproj/MainMenu.xib; sourceTree = "<group>"; };
		4F833F6617627659000BFEA6 /* TinyMachine.h */ = {isa = PBXFileReference; fileEncoding = 4; lastKnownFileType = sourcecode.c.h; name = TinyMachine.h; path = TinyMachine/TinyMachine.h; sourceTree = "<group>"; };
		4F833F6717627659000BFEA6 /* TinyMachine.m */ = {isa = PBXFileReference; fileEncoding = 4; lastKnownFileType = sourcecode.c.objc; name = TinyMachine.m; path = TinyMachine/TinyMachine.m; sourceTree = "<group>"; };
		4F833F6817627659000BFEA6 /* TMInst.h */ = {isa = PBXFileReference; fileEncoding = 4; lastKnownFileType = sourcecode.c.h; name = TMInst.h; path = TinyMachine/TMInst.h; sourceTree = "<group>"; };
		4F833F6917627659000BFEA6 /* TMInst.m */ = {isa = PBXFileReference; fileEncoding = 4; lastKnownFileType = sourcecode.c.objc; name = TMInst.m; path = TinyMachine/TMInst.m; sourceTree = "<group>"; };
		4F833F6A17627659000BFEA6 /* TMStepResult.h */ = {isa = PBXFileReference; fileEncoding = 4; lastKnownFileType = sourcecode.c.h; name = TMStepResult.h; path = TinyMachine/TMStepResult.h; sourceTree = "<group>"; };
		4F833F6B17627659000BFEA6 /* TMStepResult.m */ = {isa = PBXFileReference; fileEncoding = 4; lastKnownFileType = sourcecode.c.objc; name = TMStepResult.m; path = TinyMachine/TMStepResult.m; sourceTree = "<group>"; };
		4FDD1D6A17649FA700B56F4D /* DebugInfoWindowController.h */ = {isa = PBXFileReference; fileEncoding = 4; lastKnownFileType = sourcecode.c.h; name = DebugInfoWindowController.h; path = DebugInfo/DebugInfoWindowController.h; sourceTree = "<group>"; };
		4FDD1D6B17649FA700B56F4D /* DebugInfoWindowController.m */ = {isa = PBXFileReference; fileEncoding = 4; lastKnownFileType = sourcecode.c.objc; name = DebugInfoWindowController.m; path = DebugInfo/DebugInfoWindowController.m; sourceTree = "<group>"; };
		4FDD1D6C17649FA700B56F4D /* DebugInfo.xib */ = {isa = PBXFileReference; fileEncoding = 4; lastKnownFileType = file.xib; name = DebugInfo.xib; path = DebugInfo/DebugInfo.xib; sourceTree = "<group>"; };
		7FF87A7103AA48178E9604FA /* libPods.a */ = {isa = PBXFileReference; explicitFileType = archive.ar; includeInIndex = 0; path = libPods.a; sourceTree = BUILT_PRODUCTS_DIR; };
		ABB7B252BAA74156B83B13D5 /* Pods.xcconfig */ = {isa = PBXFileReference; includeInIndex = 1; lastKnownFileType = text.xcconfig; name = Pods.xcconfig; path = Pods/Pods.xcconfig; sourceTree = SOURCE_ROOT; };
/* End PBXFileReference section */

/* Begin PBXFrameworksBuildPhase section */
		4F30300A176ABD4A007788FA /* Frameworks */ = {
			isa = PBXFrameworksBuildPhase;
			buildActionMask = 2147483647;
			files = (
				4F303010176ABD4A007788FA /* SenTestingKit.framework in Frameworks */,
				4F303011176ABD4A007788FA /* Cocoa.framework in Frameworks */,
			);
			runOnlyForDeploymentPostprocessing = 0;
		};
		4F833F3E17627300000BFEA6 /* Frameworks */ = {
			isa = PBXFrameworksBuildPhase;
			buildActionMask = 2147483647;
			files = (
				4F833F4517627300000BFEA6 /* Cocoa.framework in Frameworks */,
				B2B8A394C7DC4132954132B1 /* libPods.a in Frameworks */,
			);
			runOnlyForDeploymentPostprocessing = 0;
		};
/* End PBXFrameworksBuildPhase section */

/* Begin PBXGroup section */
		4F296570176DF39200860C7A /* Ragel */ = {
			isa = PBXGroup;
			children = (
				4F77635C176DBC890002CB3B /* objclexer.rl */,
			);
			name = Ragel;
			sourceTree = "<group>";
		};
		4F296571176DF3A600860C7A /* Scanner */ = {
			isa = PBXGroup;
			children = (
				4F296570176DF39200860C7A /* Ragel */,
				4F776337176CE7F90002CB3B /* CMScanner.h */,
				4F776338176CE7F90002CB3B /* CMScanner.m */,
			);
			name = Scanner;
			sourceTree = "<group>";
		};
		4F296572176DF3BA00860C7A /* Parser */ = {
			isa = PBXGroup;
			children = (
				4F303006176AB3A3007788FA /* SymbolTable.h */,
				4F303007176AB3A3007788FA /* SymbolTable.m */,
				4F776334176CE7710002CB3B /* CMParser.h */,
				4F776335176CE7720002CB3B /* CMParser.m */,
			);
			name = Parser;
			sourceTree = "<group>";
		};
		4F296573176DF3F200860C7A /* CodeGen */ = {
			isa = PBXGroup;
			children = (
			);
			name = CodeGen;
			sourceTree = "<group>";
		};
		4F303012176ABD4A007788FA /* CMinusXTest */ = {
			isa = PBXGroup;
			children = (
				4F30301F176ABEA8007788FA /* C- Compiler Test */,
				4F303018176ABD4B007788FA /* CMinusXTest.h */,
				4F303019176ABD4B007788FA /* CMinusXTest.m */,
				4F303013176ABD4A007788FA /* Supporting Files */,
			);
			path = CMinusXTest;
			sourceTree = "<group>";
		};
		4F303013176ABD4A007788FA /* Supporting Files */ = {
			isa = PBXGroup;
			children = (
				4F303014176ABD4A007788FA /* CMinusXTest-Info.plist */,
				4F303015176ABD4B007788FA /* InfoPlist.strings */,
				4F30301B176ABD4B007788FA /* CMinusXTest-Prefix.pch */,
			);
			name = "Supporting Files";
			sourceTree = "<group>";
		};
		4F30301F176ABEA8007788FA /* C- Compiler Test */ = {
			isa = PBXGroup;
			children = (
				4F303020176ABEC2007788FA /* SymbolTableTest.h */,
				4F303021176ABEC2007788FA /* SymbolTableTest.m */,
				4F776354176DB2EF0002CB3B /* CMScannerTest.h */,
				4F776355176DB2EF0002CB3B /* CMScannerTest.m */,
				4F776357176DB54E0002CB3B /* test.cm */,
			);
			name = "C- Compiler Test";
			sourceTree = "<group>";
		};
		4F303025176B7356007788FA /* Syntax Tree */ = {
			isa = PBXGroup;
			children = (
				4F303026176B738B007788FA /* STProgramNode.h */,
				4F303027176B738B007788FA /* STProgramNode.m */,
				4F303029176B79E5007788FA /* STDeclarationNode.h */,
				4F30302A176B79E5007788FA /* STDeclarationNode.m */,
				4F30302C176B824D007788FA /* STStatementNode.h */,
				4F30302D176B824D007788FA /* STStatementNode.m */,
				4F77632E176C7C1E0002CB3B /* STBaseNode.h */,
				4F77632F176C7C1E0002CB3B /* STBaseNode.m */,
			);
			name = "Syntax Tree";
			sourceTree = "<group>";
		};
		4F833F3817627300000BFEA6 = {
			isa = PBXGroup;
			children = (
				4F833F4A17627300000BFEA6 /* CMinusX */,
				4F303012176ABD4A007788FA /* CMinusXTest */,
				4F833F4317627300000BFEA6 /* Frameworks */,
				4F833F4217627300000BFEA6 /* Products */,
				ABB7B252BAA74156B83B13D5 /* Pods.xcconfig */,
			);
			sourceTree = "<group>";
		};
		4F833F4217627300000BFEA6 /* Products */ = {
			isa = PBXGroup;
			children = (
				4F833F4117627300000BFEA6 /* CMinusX.app */,
				4F30300E176ABD4A007788FA /* CMinusXTest.octest */,
			);
			name = Products;
			sourceTree = "<group>";
		};
		4F833F4317627300000BFEA6 /* Frameworks */ = {
			isa = PBXGroup;
			children = (
				4F833F4417627300000BFEA6 /* Cocoa.framework */,
				4F30300F176ABD4A007788FA /* SenTestingKit.framework */,
				4F833F4617627300000BFEA6 /* Other Frameworks */,
				7FF87A7103AA48178E9604FA /* libPods.a */,
			);
			name = Frameworks;
			sourceTree = "<group>";
		};
		4F833F4617627300000BFEA6 /* Other Frameworks */ = {
			isa = PBXGroup;
			children = (
				4F833F4717627300000BFEA6 /* AppKit.framework */,
				4F833F4817627300000BFEA6 /* CoreData.framework */,
				4F833F4917627300000BFEA6 /* Foundation.framework */,
			);
			name = "Other Frameworks";
			sourceTree = "<group>";
		};
		4F833F4A17627300000BFEA6 /* CMinusX */ = {
			isa = PBXGroup;
			children = (
				4F833F641762763D000BFEA6 /* Tiny Machine */,
				4FDD1D6417645CBA00B56F4D /* C- Compiler */,
				4FDD1D6917649F0F00B56F4D /* DebugInfo */,
				4F833F5617627300000BFEA6 /* CMXDocument.h */,
				4F833F5717627300000BFEA6 /* CMXDocument.m */,
				4F833F5917627300000BFEA6 /* CMXDocument.xib */,
				4F833F4B17627300000BFEA6 /* Supporting Files */,
			);
			path = CMinusX;
			sourceTree = "<group>";
		};
		4F833F4B17627300000BFEA6 /* Supporting Files */ = {
			isa = PBXGroup;
			children = (
				4F833F5C17627300000BFEA6 /* MainMenu.xib */,
				4F833F4C17627300000BFEA6 /* CMinusX-Info.plist */,
				4F833F4D17627300000BFEA6 /* InfoPlist.strings */,
				4F833F5017627300000BFEA6 /* main.m */,
				4F833F5217627300000BFEA6 /* CMinusX-Prefix.pch */,
				4F833F5317627300000BFEA6 /* Credits.rtf */,
			);
			name = "Supporting Files";
			sourceTree = "<group>";
		};
		4F833F641762763D000BFEA6 /* Tiny Machine */ = {
			isa = PBXGroup;
			children = (
				4F833F6617627659000BFEA6 /* TinyMachine.h */,
				4F833F6717627659000BFEA6 /* TinyMachine.m */,
				4F833F6817627659000BFEA6 /* TMInst.h */,
				4F833F6917627659000BFEA6 /* TMInst.m */,
				4F833F6A17627659000BFEA6 /* TMStepResult.h */,
				4F833F6B17627659000BFEA6 /* TMStepResult.m */,
			);
			name = "Tiny Machine";
			sourceTree = "<group>";
		};
		4FDD1D6417645CBA00B56F4D /* C- Compiler */ = {
			isa = PBXGroup;
			children = (
				4F776359176DBBE10002CB3B /* CMToken.h */,
				4F77635A176DBBE10002CB3B /* CMToken.m */,
				4F296571176DF3A600860C7A /* Scanner */,
				4F303025176B7356007788FA /* Syntax Tree */,
				4F296572176DF3BA00860C7A /* Parser */,
				4F296573176DF3F200860C7A /* CodeGen */,
			);
			name = "C- Compiler";
			sourceTree = "<group>";
		};
		4FDD1D6917649F0F00B56F4D /* DebugInfo */ = {
			isa = PBXGroup;
			children = (
				4FDD1D6A17649FA700B56F4D /* DebugInfoWindowController.h */,
				4FDD1D6B17649FA700B56F4D /* DebugInfoWindowController.m */,
				4FDD1D6C17649FA700B56F4D /* DebugInfo.xib */,
			);
			name = DebugInfo;
			sourceTree = "<group>";
		};
/* End PBXGroup section */

/* Begin PBXNativeTarget section */
		4F30300D176ABD4A007788FA /* CMinusXTest */ = {
			isa = PBXNativeTarget;
			buildConfigurationList = 4F30301C176ABD4B007788FA /* Build configuration list for PBXNativeTarget "CMinusXTest" */;
			buildPhases = (
				4F303009176ABD4A007788FA /* Sources */,
				4F30300A176ABD4A007788FA /* Frameworks */,
				4F30300B176ABD4A007788FA /* Resources */,
				4F30300C176ABD4A007788FA /* ShellScript */,
			);
			buildRules = (
			);
			dependencies = (
				4F303024176AC1AF007788FA /* PBXTargetDependency */,
			);
			name = CMinusXTest;
			productName = CMinusXTest;
			productReference = 4F30300E176ABD4A007788FA /* CMinusXTest.octest */;
			productType = "com.apple.product-type.bundle";
		};
		4F833F4017627300000BFEA6 /* CMinusX */ = {
			isa = PBXNativeTarget;
			buildConfigurationList = 4F833F6117627300000BFEA6 /* Build configuration list for PBXNativeTarget "CMinusX" */;
			buildPhases = (
				A47DE158F6BD45B2B87F215E /* Check Pods Manifest.lock */,
				4F833F3D17627300000BFEA6 /* Sources */,
				4F833F3E17627300000BFEA6 /* Frameworks */,
				4F833F3F17627300000BFEA6 /* Resources */,
				A849FD1828EB46A7A1651FEA /* Copy Pods Resources */,
			);
			buildRules = (
			);
			dependencies = (
			);
			name = CMinusX;
			productName = CMinusX;
			productReference = 4F833F4117627300000BFEA6 /* CMinusX.app */;
			productType = "com.apple.product-type.application";
		};
/* End PBXNativeTarget section */

/* Begin PBXProject section */
		4F833F3917627300000BFEA6 /* Project object */ = {
			isa = PBXProject;
			attributes = {
				CLASSPREFIX = CMX;
				LastUpgradeCheck = 0460;
				ORGANIZATIONNAME = Team.TeaWhen;
			};
			buildConfigurationList = 4F833F3C17627300000BFEA6 /* Build configuration list for PBXProject "CMinusX" */;
			compatibilityVersion = "Xcode 3.2";
			developmentRegion = English;
			hasScannedForEncodings = 0;
			knownRegions = (
				en,
			);
			mainGroup = 4F833F3817627300000BFEA6;
			productRefGroup = 4F833F4217627300000BFEA6 /* Products */;
			projectDirPath = "";
			projectRoot = "";
			targets = (
				4F833F4017627300000BFEA6 /* CMinusX */,
				4F30300D176ABD4A007788FA /* CMinusXTest */,
			);
		};
/* End PBXProject section */

/* Begin PBXResourcesBuildPhase section */
		4F30300B176ABD4A007788FA /* Resources */ = {
			isa = PBXResourcesBuildPhase;
			buildActionMask = 2147483647;
			files = (
				4F303017176ABD4B007788FA /* InfoPlist.strings in Resources */,
				4F776358176DB54E0002CB3B /* test.cm in Resources */,
			);
			runOnlyForDeploymentPostprocessing = 0;
		};
		4F833F3F17627300000BFEA6 /* Resources */ = {
			isa = PBXResourcesBuildPhase;
			buildActionMask = 2147483647;
			files = (
				4F833F4F17627300000BFEA6 /* InfoPlist.strings in Resources */,
				4F833F5517627300000BFEA6 /* Credits.rtf in Resources */,
				4F833F5B17627300000BFEA6 /* CMXDocument.xib in Resources */,
				4F833F5E17627300000BFEA6 /* MainMenu.xib in Resources */,
				4FDD1D6E17649FA700B56F4D /* DebugInfo.xib in Resources */,
				4F77635D176DBC890002CB3B /* objclexer.rl in Resources */,
			);
			runOnlyForDeploymentPostprocessing = 0;
		};
/* End PBXResourcesBuildPhase section */

/* Begin PBXShellScriptBuildPhase section */
		4F30300C176ABD4A007788FA /* ShellScript */ = {
			isa = PBXShellScriptBuildPhase;
			buildActionMask = 2147483647;
			files = (
			);
			inputPaths = (
			);
			outputPaths = (
			);
			runOnlyForDeploymentPostprocessing = 0;
			shellPath = /bin/sh;
			shellScript = "# Run the unit tests in this test bundle.\n\"${SYSTEM_DEVELOPER_DIR}/Tools/RunUnitTests\"\n";
		};
		A47DE158F6BD45B2B87F215E /* Check Pods Manifest.lock */ = {
			isa = PBXShellScriptBuildPhase;
			buildActionMask = 2147483647;
			files = (
			);
			inputPaths = (
			);
			name = "Check Pods Manifest.lock";
			outputPaths = (
			);
			runOnlyForDeploymentPostprocessing = 0;
			shellPath = /bin/sh;
			shellScript = "diff \"${PODS_ROOT}/../Podfile.lock\" \"${PODS_ROOT}/Manifest.lock\" > /dev/null\nif [[ $? != 0 ]] ; then\n    cat << EOM\nerror: The sandbox is not in sync with the Podfile.lock. Run 'pod install' or update your CocoaPods installation.\nEOM\n    exit 1\nfi\n";
		};
		A849FD1828EB46A7A1651FEA /* Copy Pods Resources */ = {
			isa = PBXShellScriptBuildPhase;
			buildActionMask = 2147483647;
			files = (
			);
			inputPaths = (
			);
			name = "Copy Pods Resources";
			outputPaths = (
			);
			runOnlyForDeploymentPostprocessing = 0;
			shellPath = /bin/sh;
			shellScript = "\"${SRCROOT}/Pods/Pods-resources.sh\"\n";
		};
/* End PBXShellScriptBuildPhase section */

/* Begin PBXSourcesBuildPhase section */
		4F303009176ABD4A007788FA /* Sources */ = {
			isa = PBXSourcesBuildPhase;
			buildActionMask = 2147483647;
			files = (
				4F30301A176ABD4B007788FA /* CMinusXTest.m in Sources */,
				4F303022176ABEC2007788FA /* SymbolTableTest.m in Sources */,
				4F776356176DB2EF0002CB3B /* CMScannerTest.m in Sources */,
			);
			runOnlyForDeploymentPostprocessing = 0;
		};
		4F833F3D17627300000BFEA6 /* Sources */ = {
			isa = PBXSourcesBuildPhase;
			buildActionMask = 2147483647;
			files = (
				4F833F5117627300000BFEA6 /* main.m in Sources */,
				4F833F5817627300000BFEA6 /* CMXDocument.m in Sources */,
				4F833F6C17627659000BFEA6 /* TinyMachine.m in Sources */,
				4F833F6D17627659000BFEA6 /* TMInst.m in Sources */,
				4F833F6E17627659000BFEA6 /* TMStepResult.m in Sources */,
				4FDD1D6D17649FA700B56F4D /* DebugInfoWindowController.m in Sources */,
				4F303008176AB3A3007788FA /* SymbolTable.m in Sources */,
				4F303028176B738B007788FA /* STProgramNode.m in Sources */,
				4F30302B176B79E6007788FA /* STDeclarationNode.m in Sources */,
				4F30302E176B824D007788FA /* STStatementNode.m in Sources */,
				4F776330176C7C1E0002CB3B /* STBaseNode.m in Sources */,
				4F776336176CE7720002CB3B /* CMParser.m in Sources */,
				4F776339176CE7F90002CB3B /* CMScanner.m in Sources */,
				4F77635B176DBBE20002CB3B /* CMToken.m in Sources */,
			);
			runOnlyForDeploymentPostprocessing = 0;
		};
/* End PBXSourcesBuildPhase section */

/* Begin PBXTargetDependency section */
		4F303024176AC1AF007788FA /* PBXTargetDependency */ = {
			isa = PBXTargetDependency;
			target = 4F833F4017627300000BFEA6 /* CMinusX */;
			targetProxy = 4F303023176AC1AF007788FA /* PBXContainerItemProxy */;
		};
/* End PBXTargetDependency section */

/* Begin PBXVariantGroup section */
		4F303015176ABD4B007788FA /* InfoPlist.strings */ = {
			isa = PBXVariantGroup;
			children = (
				4F303016176ABD4B007788FA /* en */,
			);
			name = InfoPlist.strings;
			sourceTree = "<group>";
		};
		4F833F4D17627300000BFEA6 /* InfoPlist.strings */ = {
			isa = PBXVariantGroup;
			children = (
				4F833F4E17627300000BFEA6 /* en */,
			);
			name = InfoPlist.strings;
			sourceTree = "<group>";
		};
		4F833F5317627300000BFEA6 /* Credits.rtf */ = {
			isa = PBXVariantGroup;
			children = (
				4F833F5417627300000BFEA6 /* en */,
			);
			name = Credits.rtf;
			sourceTree = "<group>";
		};
		4F833F5917627300000BFEA6 /* CMXDocument.xib */ = {
			isa = PBXVariantGroup;
			children = (
				4F833F5A17627300000BFEA6 /* en */,
			);
			name = CMXDocument.xib;
			sourceTree = "<group>";
		};
		4F833F5C17627300000BFEA6 /* MainMenu.xib */ = {
			isa = PBXVariantGroup;
			children = (
				4F833F5D17627300000BFEA6 /* en */,
			);
			name = MainMenu.xib;
			sourceTree = "<group>";
		};
/* End PBXVariantGroup section */

/* Begin XCBuildConfiguration section */
		4F30301D176ABD4B007788FA /* Debug */ = {
			isa = XCBuildConfiguration;
			buildSettings = {
				BUNDLE_LOADER = "$(BUILT_PRODUCTS_DIR)/CMinusX.app/Contents/MacOS/CMinusX";
				COMBINE_HIDPI_IMAGES = YES;
				FRAMEWORK_SEARCH_PATHS = "\"$(DEVELOPER_LIBRARY_DIR)/Frameworks\"";
				GCC_PRECOMPILE_PREFIX_HEADER = YES;
				GCC_PREFIX_HEADER = "CMinusXTest/CMinusXTest-Prefix.pch";
				INFOPLIST_FILE = "CMinusXTest/CMinusXTest-Info.plist";
				PRODUCT_NAME = "$(TARGET_NAME)";
				TEST_HOST = "$(BUNDLE_LOADER)";
				WRAPPER_EXTENSION = octest;
			};
			name = Debug;
		};
		4F30301E176ABD4B007788FA /* Release */ = {
			isa = XCBuildConfiguration;
			buildSettings = {
				BUNDLE_LOADER = "$(BUILT_PRODUCTS_DIR)/CMinusX.app/Contents/MacOS/CMinusX";
				COMBINE_HIDPI_IMAGES = YES;
				FRAMEWORK_SEARCH_PATHS = "\"$(DEVELOPER_LIBRARY_DIR)/Frameworks\"";
				GCC_PRECOMPILE_PREFIX_HEADER = YES;
				GCC_PREFIX_HEADER = "CMinusXTest/CMinusXTest-Prefix.pch";
				INFOPLIST_FILE = "CMinusXTest/CMinusXTest-Info.plist";
				PRODUCT_NAME = "$(TARGET_NAME)";
				TEST_HOST = "$(BUNDLE_LOADER)";
				WRAPPER_EXTENSION = octest;
			};
			name = Release;
		};
		4F833F5F17627300000BFEA6 /* Debug */ = {
			isa = XCBuildConfiguration;
			buildSettings = {
				ALWAYS_SEARCH_USER_PATHS = NO;
				ARCHS = "$(ARCHS_STANDARD_64_BIT)";
				CLANG_CXX_LANGUAGE_STANDARD = "gnu++0x";
				CLANG_CXX_LIBRARY = "libc++";
				CLANG_ENABLE_OBJC_ARC = YES;
				CLANG_WARN_CONSTANT_CONVERSION = YES;
				CLANG_WARN_EMPTY_BODY = YES;
				CLANG_WARN_ENUM_CONVERSION = YES;
				CLANG_WARN_INT_CONVERSION = YES;
				CLANG_WARN__DUPLICATE_METHOD_MATCH = YES;
				COPY_PHASE_STRIP = NO;
				GCC_C_LANGUAGE_STANDARD = gnu99;
				GCC_DYNAMIC_NO_PIC = NO;
				GCC_ENABLE_OBJC_EXCEPTIONS = YES;
				GCC_OPTIMIZATION_LEVEL = 0;
				GCC_PREPROCESSOR_DEFINITIONS = (
					"DEBUG=1",
					"$(inherited)",
				);
				GCC_SYMBOLS_PRIVATE_EXTERN = NO;
				GCC_WARN_64_TO_32_BIT_CONVERSION = YES;
				GCC_WARN_ABOUT_RETURN_TYPE = YES;
				GCC_WARN_UNINITIALIZED_AUTOS = YES;
				GCC_WARN_UNUSED_VARIABLE = YES;
				MACOSX_DEPLOYMENT_TARGET = 10.8;
				ONLY_ACTIVE_ARCH = YES;
				SDKROOT = macosx;
			};
			name = Debug;
		};
		4F833F6017627300000BFEA6 /* Release */ = {
			isa = XCBuildConfiguration;
			buildSettings = {
				ALWAYS_SEARCH_USER_PATHS = NO;
				ARCHS = "$(ARCHS_STANDARD_64_BIT)";
				CLANG_CXX_LANGUAGE_STANDARD = "gnu++0x";
				CLANG_CXX_LIBRARY = "libc++";
				CLANG_ENABLE_OBJC_ARC = YES;
				CLANG_WARN_CONSTANT_CONVERSION = YES;
				CLANG_WARN_EMPTY_BODY = YES;
				CLANG_WARN_ENUM_CONVERSION = YES;
				CLANG_WARN_INT_CONVERSION = YES;
				CLANG_WARN__DUPLICATE_METHOD_MATCH = YES;
				COPY_PHASE_STRIP = YES;
				DEBUG_INFORMATION_FORMAT = "dwarf-with-dsym";
				GCC_C_LANGUAGE_STANDARD = gnu99;
				GCC_ENABLE_OBJC_EXCEPTIONS = YES;
				GCC_WARN_64_TO_32_BIT_CONVERSION = YES;
				GCC_WARN_ABOUT_RETURN_TYPE = YES;
				GCC_WARN_UNINITIALIZED_AUTOS = YES;
				GCC_WARN_UNUSED_VARIABLE = YES;
				MACOSX_DEPLOYMENT_TARGET = 10.8;
				SDKROOT = macosx;
			};
			name = Release;
		};
		4F833F6217627300000BFEA6 /* Debug */ = {
			isa = XCBuildConfiguration;
			baseConfigurationReference = ABB7B252BAA74156B83B13D5 /* Pods.xcconfig */;
			buildSettings = {
				COMBINE_HIDPI_IMAGES = YES;
				GCC_PRECOMPILE_PREFIX_HEADER = YES;
				GCC_PREFIX_HEADER = "CMinusX/CMinusX-Prefix.pch";
				INFOPLIST_FILE = "CMinusX/CMinusX-Info.plist";
				PRODUCT_NAME = "$(TARGET_NAME)";
				WRAPPER_EXTENSION = app;
			};
			name = Debug;
		};
		4F833F6317627300000BFEA6 /* Release */ = {
			isa = XCBuildConfiguration;
			baseConfigurationReference = ABB7B252BAA74156B83B13D5 /* Pods.xcconfig */;
			buildSettings = {
				COMBINE_HIDPI_IMAGES = YES;
				GCC_PRECOMPILE_PREFIX_HEADER = YES;
				GCC_PREFIX_HEADER = "CMinusX/CMinusX-Prefix.pch";
				INFOPLIST_FILE = "CMinusX/CMinusX-Info.plist";
				PRODUCT_NAME = "$(TARGET_NAME)";
				WRAPPER_EXTENSION = app;
			};
			name = Release;
		};
/* End XCBuildConfiguration section */

/* Begin XCConfigurationList section */
		4F30301C176ABD4B007788FA /* Build configuration list for PBXNativeTarget "CMinusXTest" */ = {
			isa = XCConfigurationList;
			buildConfigurations = (
				4F30301D176ABD4B007788FA /* Debug */,
				4F30301E176ABD4B007788FA /* Release */,
			);
			defaultConfigurationIsVisible = 0;
			defaultConfigurationName = Release;
		};
		4F833F3C17627300000BFEA6 /* Build configuration list for PBXProject "CMinusX" */ = {
			isa = XCConfigurationList;
			buildConfigurations = (
				4F833F5F17627300000BFEA6 /* Debug */,
				4F833F6017627300000BFEA6 /* Release */,
			);
			defaultConfigurationIsVisible = 0;
			defaultConfigurationName = Release;
		};
		4F833F6117627300000BFEA6 /* Build configuration list for PBXNativeTarget "CMinusX" */ = {
			isa = XCConfigurationList;
			buildConfigurations = (
				4F833F6217627300000BFEA6 /* Debug */,
				4F833F6317627300000BFEA6 /* Release */,
			);
			defaultConfigurationIsVisible = 0;
			defaultConfigurationName = Release;
		};
/* End XCConfigurationList section */
	};
	rootObject = 4F833F3917627300000BFEA6 /* Project object */;
}
